# This file is automatically @generated by Cargo.
# It is not intended for manual editing.
version = 4

[[package]]
name = "splitforge-api"
version = "0.0.0"

[[package]]
name = "splitforge-cli"
version = "0.0.0"

[[package]]
name = "splitforge-domain"
version = "0.0.0"

[[package]]
name = "splitforge-edge"
version = "0.0.0"

[[package]]
name = "splitforge-engine"
version = "0.0.0"

[[package]]
name = "splitforge-export"
version = "0.0.0"

[[package]]
name = "splitforge-llrp"
version = "0.0.0"

[[package]]
name = "splitforge-reader"
version = "0.0.0"

[[package]]
name = "splitforge-results"
version = "0.0.0"

[[package]]
name = "splitforge-simulator"
version = "0.0.0"

[[package]]
name = "splitforge-storage"
version = "0.0.0"

[[package]]
name = "splitforge-sync"
version = "0.0.0"

[[package]]
name = "splitforge-testkit"
version = "0.0.0"
